
Microsoft Visual Studio Solution File, Format Version 12.00
# Visual Studio Version 16
VisualStudioVersion = 16.0.31613.86
MinimumVisualStudioVersion = 10.0.40219.1
Project("{FAE04EC0-301F-11D3-BF4B-00C04F79EFBC}") = "LambdaExpressions", "LambdaExpressions\LambdaExpressions.csproj", "{EB898ED6-D230-41BA-A920-EF98B43891E6}"
EndProject
Global
	GlobalSection(SolutionConfigurationPlatforms) = preSolution
		Debug|Any CPU = Debug|Any CPU
		Release|Any CPU = Release|Any CPU
	EndGlobalSection
	GlobalSection(ProjectConfigurationPlatforms) = postSolution
		{EB898ED6-D230-41BA-A920-EF98B43891E6}.Debug|Any CPU.ActiveCfg = Debug|Any CPU
		{EB898ED6-D230-41BA-A920-EF98B43891E6}.Debug|Any CPU.Build.0 = Debug|Any CPU
		{EB898ED6-D230-41BA-A920-EF98B43891E6}.Release|Any CPU.ActiveCfg = Release|Any CPU
		{EB898ED6-D230-41BA-A920-EF98B43891E6}.Release|Any CPU.Build.0 = Release|Any CPU
	EndGlobalSection
	GlobalSection(SolutionProperties) = preSolution
		HideSolutionNode = FALSE
	EndGlobalSection
	GlobalSection(ExtensibilityGlobals) = postSolution
		SolutionGuid = {8E41F913-BBD0-4AF4-BB5C-B3B7421101A3}
	EndGlobalSection
EndGlobal
